
Microsoft Visual Studio Solution File, Format Version 12.00
# Visual Studio Version 16
VisualStudioVersion = 16.0.30309.148
MinimumVisualStudioVersion = 10.0.40219.1
Project("{8BC9CEB8-8B4A-11D0-8D11-00A0C91BC942}") = "onepointsix", "onepointsix\onepointsix.vcxproj", "{CF319DA9-1E0D-4F78-9AED-0A059B42EFE7}"
EndProject
Global
	GlobalSection(SolutionConfigurationPlatforms) = preSolution
		Debug|x64 = Debug|x64
		Debug|x86 = Debug|x86
		Release|x64 = Release|x64
		Release|x86 = Release|x86
	EndGlobalSection
	GlobalSection(ProjectConfigurationPlatforms) = postSolution
		{CF319DA9-1E0D-4F78-9AED-0A059B42EFE7}.Debug|x64.ActiveCfg = Debug|x64
		{CF319DA9-1E0D-4F78-9AED-0A059B42EFE7}.Debug|x64.Build.0 = Debug|x64
		{CF319DA9-1E0D-4F78-9AED-0A059B42EFE7}.Debug|x86.ActiveCfg = Debug|Win32
		{CF319DA9-1E0D-4F78-9AED-0A059B42EFE7}.Debug|x86.Build.0 = Debug|Win32
		{CF319DA9-1E0D-4F78-9AED-0A059B42EFE7}.Release|x64.ActiveCfg = Release|x64
		{CF319DA9-1E0D-4F78-9AED-0A059B42EFE7}.Release|x64.Build.0 = Release|x64
		{CF319DA9-1E0D-4F78-9AED-0A059B42EFE7}.Release|x86.ActiveCfg = Release|Win32
		{CF319DA9-1E0D-4F78-9AED-0A059B42EFE7}.Release|x86.Build.0 = Release|Win32
	EndGlobalSection
	GlobalSection(SolutionProperties) = preSolution
		HideSolutionNode = FALSE
	EndGlobalSection
	GlobalSection(ExtensibilityGlobals) = postSolution
		SolutionGuid = {276835D7-57D8-4580-AE9C-997FC349FB4D}
	EndGlobalSection
EndGlobal
